// !$*UTF8*$!
{
	archiveVersion = 1;
	classes = {
	};
	objectVersion = 56;
	objects = {

/* Begin PBXBuildFile section */
		9366B0E02BB74417008FFF09 /* RegisterationModel.swift in Sources */ = {isa = PBXBuildFile; fileRef = 9366B0DF2BB74417008FFF09 /* RegisterationModel.swift */; };
		9384AB002BA8125800C8B8EA /* AppDelegate.swift in Sources */ = {isa = PBXBuildFile; fileRef = 9384AAFF2BA8125800C8B8EA /* AppDelegate.swift */; };
		9384AB022BA8125800C8B8EA /* SceneDelegate.swift in Sources */ = {isa = PBXBuildFile; fileRef = 9384AB012BA8125800C8B8EA /* SceneDelegate.swift */; };
		9384AB042BA8125800C8B8EA /* ViewController.swift in Sources */ = {isa = PBXBuildFile; fileRef = 9384AB032BA8125800C8B8EA /* ViewController.swift */; };
		9384AB072BA8125800C8B8EA /* Main.storyboard in Resources */ = {isa = PBXBuildFile; fileRef = 9384AB052BA8125800C8B8EA /* Main.storyboard */; };
		9384AB092BA8125A00C8B8EA /* Assets.xcassets in Resources */ = {isa = PBXBuildFile; fileRef = 9384AB082BA8125A00C8B8EA /* Assets.xcassets */; };
		9384AB0C2BA8125A00C8B8EA /* LaunchScreen.storyboard in Resources */ = {isa = PBXBuildFile; fileRef = 9384AB0A2BA8125A00C8B8EA /* LaunchScreen.storyboard */; };
		9384AB172BA812C500C8B8EA /* WelcomeViewController.swift in Sources */ = {isa = PBXBuildFile; fileRef = 9384AB162BA812C500C8B8EA /* WelcomeViewController.swift */; };
		9384AB192BA812D500C8B8EA /* RegisterViewController.swift in Sources */ = {isa = PBXBuildFile; fileRef = 9384AB182BA812D500C8B8EA /* RegisterViewController.swift */; };
		9384AB1B2BA812E100C8B8EA /* LoginViewController.swift in Sources */ = {isa = PBXBuildFile; fileRef = 9384AB1A2BA812E100C8B8EA /* LoginViewController.swift */; };
		9384AB1D2BA812ED00C8B8EA /* ChatViewController.swift in Sources */ = {isa = PBXBuildFile; fileRef = 9384AB1C2BA812ED00C8B8EA /* ChatViewController.swift */; };
		93C398D92BAAE18E00B64F90 /* NetworkManager.docc in Sources */ = {isa = PBXBuildFile; fileRef = 93C398D82BAAE18E00B64F90 /* NetworkManager.docc */; };
		93C398DF2BAAE18E00B64F90 /* NetworkManager.framework in Frameworks */ = {isa = PBXBuildFile; fileRef = 93C398D52BAAE18D00B64F90 /* NetworkManager.framework */; };
		93C398E62BAAE18E00B64F90 /* NetworkManagerTests.swift in Sources */ = {isa = PBXBuildFile; fileRef = 93C398E52BAAE18E00B64F90 /* NetworkManagerTests.swift */; };
		93C398E72BAAE18E00B64F90 /* NetworkManager.h in Headers */ = {isa = PBXBuildFile; fileRef = 93C398D72BAAE18D00B64F90 /* NetworkManager.h */; settings = {ATTRIBUTES = (Public, ); }; };
		93C398EA2BAAE18E00B64F90 /* NetworkManager.framework in Frameworks */ = {isa = PBXBuildFile; fileRef = 93C398D52BAAE18D00B64F90 /* NetworkManager.framework */; };
		93C398EB2BAAE18E00B64F90 /* NetworkManager.framework in Embed Frameworks */ = {isa = PBXBuildFile; fileRef = 93C398D52BAAE18D00B64F90 /* NetworkManager.framework */; settings = {ATTRIBUTES = (CodeSignOnCopy, RemoveHeadersOnCopy, ); }; };
		93C398F42BAAE1BB00B64F90 /* NetworkManager.swift in Sources */ = {isa = PBXBuildFile; fileRef = 93C398F32BAAE1BB00B64F90 /* NetworkManager.swift */; };
		93C398F62BAAE81400B64F90 /* BuildConfiguration.swift in Sources */ = {isa = PBXBuildFile; fileRef = 93C398F52BAAE81400B64F90 /* BuildConfiguration.swift */; };
		93C398F82BAAEE6A00B64F90 /* APIClient.swift in Sources */ = {isa = PBXBuildFile; fileRef = 93C398F72BAAEE6A00B64F90 /* APIClient.swift */; };
		93C398FA2BAAEEFE00B64F90 /* APIEnums.swift in Sources */ = {isa = PBXBuildFile; fileRef = 93C398F92BAAEEFE00B64F90 /* APIEnums.swift */; };
		93C398FC2BAAF26000B64F90 /* NetworkDispatcher.swift in Sources */ = {isa = PBXBuildFile; fileRef = 93C398FB2BAAF26000B64F90 /* NetworkDispatcher.swift */; };
		93C398FE2BAAF50A00B64F90 /* NetworkRequest.swift in Sources */ = {isa = PBXBuildFile; fileRef = 93C398FD2BAAF50A00B64F90 /* NetworkRequest.swift */; };
/* End PBXBuildFile section */

/* Begin PBXContainerItemProxy section */
		93C398E02BAAE18E00B64F90 /* PBXContainerItemProxy */ = {
			isa = PBXContainerItemProxy;
			containerPortal = 9384AAF42BA8125800C8B8EA /* Project object */;
			proxyType = 1;
			remoteGlobalIDString = 93C398D42BAAE18D00B64F90;
			remoteInfo = NetworkManager;
		};
		93C398E22BAAE18E00B64F90 /* PBXContainerItemProxy */ = {
			isa = PBXContainerItemProxy;
			containerPortal = 9384AAF42BA8125800C8B8EA /* Project object */;
			proxyType = 1;
			remoteGlobalIDString = 9384AAFB2BA8125800C8B8EA;
			remoteInfo = MFlashChat;
		};
		93C398E82BAAE18E00B64F90 /* PBXContainerItemProxy */ = {
			isa = PBXContainerItemProxy;
			containerPortal = 9384AAF42BA8125800C8B8EA /* Project object */;
			proxyType = 1;
			remoteGlobalIDString = 93C398D42BAAE18D00B64F90;
			remoteInfo = NetworkManager;
		};
/* End PBXContainerItemProxy section */

/* Begin PBXCopyFilesBuildPhase section */
		93C398EC2BAAE18E00B64F90 /* Embed Frameworks */ = {
			isa = PBXCopyFilesBuildPhase;
			buildActionMask = 2147483647;
			dstPath = "";
			dstSubfolderSpec = 10;
			files = (
				93C398EB2BAAE18E00B64F90 /* NetworkManager.framework in Embed Frameworks */,
			);
			name = "Embed Frameworks";
			runOnlyForDeploymentPostprocessing = 0;
		};
/* End PBXCopyFilesBuildPhase section */

/* Begin PBXFileReference section */
		9366B0DF2BB74417008FFF09 /* RegisterationModel.swift */ = {isa = PBXFileReference; lastKnownFileType = sourcecode.swift; path = RegisterationModel.swift; sourceTree = "<group>"; };
		9384AAFC2BA8125800C8B8EA /* MFlashChat.app */ = {isa = PBXFileReference; explicitFileType = wrapper.application; includeInIndex = 0; path = MFlashChat.app; sourceTree = BUILT_PRODUCTS_DIR; };
		9384AAFF2BA8125800C8B8EA /* AppDelegate.swift */ = {isa = PBXFileReference; lastKnownFileType = sourcecode.swift; path = AppDelegate.swift; sourceTree = "<group>"; };
		9384AB012BA8125800C8B8EA /* SceneDelegate.swift */ = {isa = PBXFileReference; lastKnownFileType = sourcecode.swift; path = SceneDelegate.swift; sourceTree = "<group>"; };
		9384AB032BA8125800C8B8EA /* ViewController.swift */ = {isa = PBXFileReference; lastKnownFileType = sourcecode.swift; path = ViewController.swift; sourceTree = "<group>"; };
		9384AB062BA8125800C8B8EA /* Base */ = {isa = PBXFileReference; lastKnownFileType = file.storyboard; name = Base; path = Base.lproj/Main.storyboard; sourceTree = "<group>"; };
		9384AB082BA8125A00C8B8EA /* Assets.xcassets */ = {isa = PBXFileReference; lastKnownFileType = folder.assetcatalog; path = Assets.xcassets; sourceTree = "<group>"; };
		9384AB0B2BA8125A00C8B8EA /* Base */ = {isa = PBXFileReference; lastKnownFileType = file.storyboard; name = Base; path = Base.lproj/LaunchScreen.storyboard; sourceTree = "<group>"; };
		9384AB0D2BA8125A00C8B8EA /* Info.plist */ = {isa = PBXFileReference; lastKnownFileType = text.plist.xml; path = Info.plist; sourceTree = "<group>"; };
		9384AB162BA812C500C8B8EA /* WelcomeViewController.swift */ = {isa = PBXFileReference; lastKnownFileType = sourcecode.swift; path = WelcomeViewController.swift; sourceTree = "<group>"; };
		9384AB182BA812D500C8B8EA /* RegisterViewController.swift */ = {isa = PBXFileReference; lastKnownFileType = sourcecode.swift; path = RegisterViewController.swift; sourceTree = "<group>"; };
		9384AB1A2BA812E100C8B8EA /* LoginViewController.swift */ = {isa = PBXFileReference; lastKnownFileType = sourcecode.swift; path = LoginViewController.swift; sourceTree = "<group>"; };
		9384AB1C2BA812ED00C8B8EA /* ChatViewController.swift */ = {isa = PBXFileReference; lastKnownFileType = sourcecode.swift; path = ChatViewController.swift; sourceTree = "<group>"; };
		93C398D52BAAE18D00B64F90 /* NetworkManager.framework */ = {isa = PBXFileReference; explicitFileType = wrapper.framework; includeInIndex = 0; path = NetworkManager.framework; sourceTree = BUILT_PRODUCTS_DIR; };
		93C398D72BAAE18D00B64F90 /* NetworkManager.h */ = {isa = PBXFileReference; lastKnownFileType = sourcecode.c.h; path = NetworkManager.h; sourceTree = "<group>"; };
		93C398D82BAAE18E00B64F90 /* NetworkManager.docc */ = {isa = PBXFileReference; lastKnownFileType = folder.documentationcatalog; path = NetworkManager.docc; sourceTree = "<group>"; };
		93C398DE2BAAE18E00B64F90 /* NetworkManagerTests.xctest */ = {isa = PBXFileReference; explicitFileType = wrapper.cfbundle; includeInIndex = 0; path = NetworkManagerTests.xctest; sourceTree = BUILT_PRODUCTS_DIR; };
		93C398E52BAAE18E00B64F90 /* NetworkManagerTests.swift */ = {isa = PBXFileReference; lastKnownFileType = sourcecode.swift; path = NetworkManagerTests.swift; sourceTree = "<group>"; };
		93C398F32BAAE1BB00B64F90 /* NetworkManager.swift */ = {isa = PBXFileReference; lastKnownFileType = sourcecode.swift; path = NetworkManager.swift; sourceTree = "<group>"; };
		93C398F52BAAE81400B64F90 /* BuildConfiguration.swift */ = {isa = PBXFileReference; lastKnownFileType = sourcecode.swift; path = BuildConfiguration.swift; sourceTree = "<group>"; };
		93C398F72BAAEE6A00B64F90 /* APIClient.swift */ = {isa = PBXFileReference; lastKnownFileType = sourcecode.swift; path = APIClient.swift; sourceTree = "<group>"; };
		93C398F92BAAEEFE00B64F90 /* APIEnums.swift */ = {isa = PBXFileReference; lastKnownFileType = sourcecode.swift; path = APIEnums.swift; sourceTree = "<group>"; };
		93C398FB2BAAF26000B64F90 /* NetworkDispatcher.swift */ = {isa = PBXFileReference; lastKnownFileType = sourcecode.swift; path = NetworkDispatcher.swift; sourceTree = "<group>"; };
		93C398FD2BAAF50A00B64F90 /* NetworkRequest.swift */ = {isa = PBXFileReference; lastKnownFileType = sourcecode.swift; path = NetworkRequest.swift; sourceTree = "<group>"; };
/* End PBXFileReference section */

/* Begin PBXFrameworksBuildPhase section */
		9384AAF92BA8125800C8B8EA /* Frameworks */ = {
			isa = PBXFrameworksBuildPhase;
			buildActionMask = 2147483647;
			files = (
				93C398EA2BAAE18E00B64F90 /* NetworkManager.framework in Frameworks */,
			);
			runOnlyForDeploymentPostprocessing = 0;
		};
		93C398D22BAAE18D00B64F90 /* Frameworks */ = {
			isa = PBXFrameworksBuildPhase;
			buildActionMask = 2147483647;
			files = (
			);
			runOnlyForDeploymentPostprocessing = 0;
		};
		93C398DB2BAAE18E00B64F90 /* Frameworks */ = {
			isa = PBXFrameworksBuildPhase;
			buildActionMask = 2147483647;
			files = (
				93C398DF2BAAE18E00B64F90 /* NetworkManager.framework in Frameworks */,
			);
			runOnlyForDeploymentPostprocessing = 0;
		};
/* End PBXFrameworksBuildPhase section */

/* Begin PBXGroup section */
		9384AAF32BA8125800C8B8EA = {
			isa = PBXGroup;
			children = (
				9384AAFE2BA8125800C8B8EA /* MFlashChat */,
				93C398D62BAAE18D00B64F90 /* NetworkManager */,
				93C398E42BAAE18E00B64F90 /* NetworkManagerTests */,
				9384AAFD2BA8125800C8B8EA /* Products */,
			);
			sourceTree = "<group>";
		};
		9384AAFD2BA8125800C8B8EA /* Products */ = {
			isa = PBXGroup;
			children = (
				9384AAFC2BA8125800C8B8EA /* MFlashChat.app */,
				93C398D52BAAE18D00B64F90 /* NetworkManager.framework */,
				93C398DE2BAAE18E00B64F90 /* NetworkManagerTests.xctest */,
			);
			name = Products;
			sourceTree = "<group>";
		};
		9384AAFE2BA8125800C8B8EA /* MFlashChat */ = {
			isa = PBXGroup;
			children = (
				9384AB152BA8129400C8B8EA /* Model */,
				9384AB142BA8128B00C8B8EA /* Controller */,
				9384AB132BA8128100C8B8EA /* View */,
				9384AAFF2BA8125800C8B8EA /* AppDelegate.swift */,
				9384AB012BA8125800C8B8EA /* SceneDelegate.swift */,
				9384AB032BA8125800C8B8EA /* ViewController.swift */,
				9384AB082BA8125A00C8B8EA /* Assets.xcassets */,
				9384AB0A2BA8125A00C8B8EA /* LaunchScreen.storyboard */,
				9384AB0D2BA8125A00C8B8EA /* Info.plist */,
			);
			path = MFlashChat;
			sourceTree = "<group>";
		};
		9384AB132BA8128100C8B8EA /* View */ = {
			isa = PBXGroup;
			children = (
				9384AB052BA8125800C8B8EA /* Main.storyboard */,
			);
			path = View;
			sourceTree = "<group>";
		};
		9384AB142BA8128B00C8B8EA /* Controller */ = {
			isa = PBXGroup;
			children = (
				9384AB162BA812C500C8B8EA /* WelcomeViewController.swift */,
				9384AB182BA812D500C8B8EA /* RegisterViewController.swift */,
				9384AB1A2BA812E100C8B8EA /* LoginViewController.swift */,
				9384AB1C2BA812ED00C8B8EA /* ChatViewController.swift */,
			);
			path = Controller;
			sourceTree = "<group>";
		};
		9384AB152BA8129400C8B8EA /* Model */ = {
			isa = PBXGroup;
			children = (
				9366B0DF2BB74417008FFF09 /* RegisterationModel.swift */,
			);
			path = Model;
			sourceTree = "<group>";
		};
		93C398D62BAAE18D00B64F90 /* NetworkManager */ = {
			isa = PBXGroup;
			children = (
				93C398D72BAAE18D00B64F90 /* NetworkManager.h */,
				93C398D82BAAE18E00B64F90 /* NetworkManager.docc */,
				93C398F32BAAE1BB00B64F90 /* NetworkManager.swift */,
				93C398F52BAAE81400B64F90 /* BuildConfiguration.swift */,
				93C398F72BAAEE6A00B64F90 /* APIClient.swift */,
				93C398F92BAAEEFE00B64F90 /* APIEnums.swift */,
				93C398FB2BAAF26000B64F90 /* NetworkDispatcher.swift */,
				93C398FD2BAAF50A00B64F90 /* NetworkRequest.swift */,
			);
			path = NetworkManager;
			sourceTree = "<group>";
		};
		93C398E42BAAE18E00B64F90 /* NetworkManagerTests */ = {
			isa = PBXGroup;
			children = (
				93C398E52BAAE18E00B64F90 /* NetworkManagerTests.swift */,
			);
			path = NetworkManagerTests;
			sourceTree = "<group>";
		};
/* End PBXGroup section */

/* Begin PBXHeadersBuildPhase section */
		93C398D02BAAE18D00B64F90 /* Headers */ = {
			isa = PBXHeadersBuildPhase;
			buildActionMask = 2147483647;
			files = (
				93C398E72BAAE18E00B64F90 /* NetworkManager.h in Headers */,
			);
			runOnlyForDeploymentPostprocessing = 0;
		};
/* End PBXHeadersBuildPhase section */

/* Begin PBXNativeTarget section */
		9384AAFB2BA8125800C8B8EA /* MFlashChat */ = {
			isa = PBXNativeTarget;
			buildConfigurationList = 9384AB102BA8125A00C8B8EA /* Build configuration list for PBXNativeTarget "MFlashChat" */;
			buildPhases = (
				9384AAF82BA8125800C8B8EA /* Sources */,
				9384AAF92BA8125800C8B8EA /* Frameworks */,
				9384AAFA2BA8125800C8B8EA /* Resources */,
				93C398EC2BAAE18E00B64F90 /* Embed Frameworks */,
			);
			buildRules = (
			);
			dependencies = (
				93C398E92BAAE18E00B64F90 /* PBXTargetDependency */,
			);
			name = MFlashChat;
			productName = MFlashChat;
			productReference = 9384AAFC2BA8125800C8B8EA /* MFlashChat.app */;
			productType = "com.apple.product-type.application";
		};
		93C398D42BAAE18D00B64F90 /* NetworkManager */ = {
			isa = PBXNativeTarget;
			buildConfigurationList = 93C398F12BAAE18E00B64F90 /* Build configuration list for PBXNativeTarget "NetworkManager" */;
			buildPhases = (
				93C398D02BAAE18D00B64F90 /* Headers */,
				93C398D12BAAE18D00B64F90 /* Sources */,
				93C398D22BAAE18D00B64F90 /* Frameworks */,
				93C398D32BAAE18D00B64F90 /* Resources */,
			);
			buildRules = (
			);
			dependencies = (
			);
			name = NetworkManager;
			productName = NetworkManager;
			productReference = 93C398D52BAAE18D00B64F90 /* NetworkManager.framework */;
			productType = "com.apple.product-type.framework";
		};
		93C398DD2BAAE18E00B64F90 /* NetworkManagerTests */ = {
			isa = PBXNativeTarget;
			buildConfigurationList = 93C398F22BAAE18E00B64F90 /* Build configuration list for PBXNativeTarget "NetworkManagerTests" */;
			buildPhases = (
				93C398DA2BAAE18E00B64F90 /* Sources */,
				93C398DB2BAAE18E00B64F90 /* Frameworks */,
				93C398DC2BAAE18E00B64F90 /* Resources */,
			);
			buildRules = (
			);
			dependencies = (
				93C398E12BAAE18E00B64F90 /* PBXTargetDependency */,
				93C398E32BAAE18E00B64F90 /* PBXTargetDependency */,
			);
			name = NetworkManagerTests;
			productName = NetworkManagerTests;
			productReference = 93C398DE2BAAE18E00B64F90 /* NetworkManagerTests.xctest */;
			productType = "com.apple.product-type.bundle.unit-test";
		};
/* End PBXNativeTarget section */

/* Begin PBXProject section */
		9384AAF42BA8125800C8B8EA /* Project object */ = {
			isa = PBXProject;
			attributes = {
				BuildIndependentTargetsInParallel = 1;
				LastSwiftUpdateCheck = 1520;
				LastUpgradeCheck = 1520;
				TargetAttributes = {
					9384AAFB2BA8125800C8B8EA = {
						CreatedOnToolsVersion = 15.2;
					};
					93C398D42BAAE18D00B64F90 = {
						CreatedOnToolsVersion = 15.2;
					};
					93C398DD2BAAE18E00B64F90 = {
						CreatedOnToolsVersion = 15.2;
						TestTargetID = 9384AAFB2BA8125800C8B8EA;
					};
				};
			};
			buildConfigurationList = 9384AAF72BA8125800C8B8EA /* Build configuration list for PBXProject "MFlashChat" */;
			compatibilityVersion = "Xcode 14.0";
			developmentRegion = en;
			hasScannedForEncodings = 0;
			knownRegions = (
				en,
				Base,
			);
			mainGroup = 9384AAF32BA8125800C8B8EA;
			productRefGroup = 9384AAFD2BA8125800C8B8EA /* Products */;
			projectDirPath = "";
			projectRoot = "";
			targets = (
				9384AAFB2BA8125800C8B8EA /* MFlashChat */,
				93C398D42BAAE18D00B64F90 /* NetworkManager */,
				93C398DD2BAAE18E00B64F90 /* NetworkManagerTests */,
			);
		};
/* End PBXProject section */

/* Begin PBXResourcesBuildPhase section */
		9384AAFA2BA8125800C8B8EA /* Resources */ = {
			isa = PBXResourcesBuildPhase;
			buildActionMask = 2147483647;
			files = (
				9384AB0C2BA8125A00C8B8EA /* LaunchScreen.storyboard in Resources */,
				9384AB092BA8125A00C8B8EA /* Assets.xcassets in Resources */,
				9384AB072BA8125800C8B8EA /* Main.storyboard in Resources */,
			);
			runOnlyForDeploymentPostprocessing = 0;
		};
		93C398D32BAAE18D00B64F90 /* Resources */ = {
			isa = PBXResourcesBuildPhase;
			buildActionMask = 2147483647;
			files = (
			);
			runOnlyForDeploymentPostprocessing = 0;
		};
		93C398DC2BAAE18E00B64F90 /* Resources */ = {
			isa = PBXResourcesBuildPhase;
			buildActionMask = 2147483647;
			files = (
			);
			runOnlyForDeploymentPostprocessing = 0;
		};
/* End PBXResourcesBuildPhase section */

/* Begin PBXSourcesBuildPhase section */
		9384AAF82BA8125800C8B8EA /* Sources */ = {
			isa = PBXSourcesBuildPhase;
			buildActionMask = 2147483647;
			files = (
				9384AB1B2BA812E100C8B8EA /* LoginViewController.swift in Sources */,
				9384AB042BA8125800C8B8EA /* ViewController.swift in Sources */,
				9384AB192BA812D500C8B8EA /* RegisterViewController.swift in Sources */,
				9384AB1D2BA812ED00C8B8EA /* ChatViewController.swift in Sources */,
				9366B0E02BB74417008FFF09 /* RegisterationModel.swift in Sources */,
				9384AB172BA812C500C8B8EA /* WelcomeViewController.swift in Sources */,
				9384AB002BA8125800C8B8EA /* AppDelegate.swift in Sources */,
				9384AB022BA8125800C8B8EA /* SceneDelegate.swift in Sources */,
			);
			runOnlyForDeploymentPostprocessing = 0;
		};
		93C398D12BAAE18D00B64F90 /* Sources */ = {
			isa = PBXSourcesBuildPhase;
			buildActionMask = 2147483647;
			files = (
				93C398FE2BAAF50A00B64F90 /* NetworkRequest.swift in Sources */,
				93C398F42BAAE1BB00B64F90 /* NetworkManager.swift in Sources */,
				93C398FA2BAAEEFE00B64F90 /* APIEnums.swift in Sources */,
				93C398F62BAAE81400B64F90 /* BuildConfiguration.swift in Sources */,
				93C398FC2BAAF26000B64F90 /* NetworkDispatcher.swift in Sources */,
				93C398D92BAAE18E00B64F90 /* NetworkManager.docc in Sources */,
				93C398F82BAAEE6A00B64F90 /* APIClient.swift in Sources */,
			);
			runOnlyForDeploymentPostprocessing = 0;
		};
		93C398DA2BAAE18E00B64F90 /* Sources */ = {
			isa = PBXSourcesBuildPhase;
			buildActionMask = 2147483647;
			files = (
				93C398E62BAAE18E00B64F90 /* NetworkManagerTests.swift in Sources */,
			);
			runOnlyForDeploymentPostprocessing = 0;
		};
/* End PBXSourcesBuildPhase section */

/* Begin PBXTargetDependency section */
		93C398E12BAAE18E00B64F90 /* PBXTargetDependency */ = {
			isa = PBXTargetDependency;
			target = 93C398D42BAAE18D00B64F90 /* NetworkManager */;
			targetProxy = 93C398E02BAAE18E00B64F90 /* PBXContainerItemProxy */;
		};
		93C398E32BAAE18E00B64F90 /* PBXTargetDependency */ = {
			isa = PBXTargetDependency;
			target = 9384AAFB2BA8125800C8B8EA /* MFlashChat */;
			targetProxy = 93C398E22BAAE18E00B64F90 /* PBXContainerItemProxy */;
		};
		93C398E92BAAE18E00B64F90 /* PBXTargetDependency */ = {
			isa = PBXTargetDependency;
			target = 93C398D42BAAE18D00B64F90 /* NetworkManager */;
			targetProxy = 93C398E82BAAE18E00B64F90 /* PBXContainerItemProxy */;
		};
/* End PBXTargetDependency section */

/* Begin PBXVariantGroup section */
		9384AB052BA8125800C8B8EA /* Main.storyboard */ = {
			isa = PBXVariantGroup;
			children = (
				9384AB062BA8125800C8B8EA /* Base */,
			);
			name = Main.storyboard;
			sourceTree = "<group>";
		};
		9384AB0A2BA8125A00C8B8EA /* LaunchScreen.storyboard */ = {
			isa = PBXVariantGroup;
			children = (
				9384AB0B2BA8125A00C8B8EA /* Base */,
			);
			name = LaunchScreen.storyboard;
			sourceTree = "<group>";
		};
/* End PBXVariantGroup section */

/* Begin XCBuildConfiguration section */
		9384AB0E2BA8125A00C8B8EA /* Debug */ = {
			isa = XCBuildConfiguration;
			buildSettings = {
				ALWAYS_SEARCH_USER_PATHS = NO;
				ASSETCATALOG_COMPILER_GENERATE_SWIFT_ASSET_SYMBOL_EXTENSIONS = YES;
				CLANG_ANALYZER_NONNULL = YES;
				CLANG_ANALYZER_NUMBER_OBJECT_CONVERSION = YES_AGGRESSIVE;
				CLANG_CXX_LANGUAGE_STANDARD = "gnu++20";
				CLANG_ENABLE_MODULES = YES;
				CLANG_ENABLE_OBJC_ARC = YES;
				CLANG_ENABLE_OBJC_WEAK = YES;
				CLANG_WARN_BLOCK_CAPTURE_AUTORELEASING = YES;
				CLANG_WARN_BOOL_CONVERSION = YES;
				CLANG_WARN_COMMA = YES;
				CLANG_WARN_CONSTANT_CONVERSION = YES;
				CLANG_WARN_DEPRECATED_OBJC_IMPLEMENTATIONS = YES;
				CLANG_WARN_DIRECT_OBJC_ISA_USAGE = YES_ERROR;
				CLANG_WARN_DOCUMENTATION_COMMENTS = YES;
				CLANG_WARN_EMPTY_BODY = YES;
				CLANG_WARN_ENUM_CONVERSION = YES;
				CLANG_WARN_INFINITE_RECURSION = YES;
				CLANG_WARN_INT_CONVERSION = YES;
				CLANG_WARN_NON_LITERAL_NULL_CONVERSION = YES;
				CLANG_WARN_OBJC_IMPLICIT_RETAIN_SELF = YES;
				CLANG_WARN_OBJC_LITERAL_CONVERSION = YES;
				CLANG_WARN_OBJC_ROOT_CLASS = YES_ERROR;
				CLANG_WARN_QUOTED_INCLUDE_IN_FRAMEWORK_HEADER = YES;
				CLANG_WARN_RANGE_LOOP_ANALYSIS = YES;
				CLANG_WARN_STRICT_PROTOTYPES = YES;
				CLANG_WARN_SUSPICIOUS_MOVE = YES;
				CLANG_WARN_UNGUARDED_AVAILABILITY = YES_AGGRESSIVE;
				CLANG_WARN_UNREACHABLE_CODE = YES;
				CLANG_WARN__DUPLICATE_METHOD_MATCH = YES;
				COPY_PHASE_STRIP = NO;
				DEBUG_INFORMATION_FORMAT = dwarf;
				ENABLE_STRICT_OBJC_MSGSEND = YES;
				ENABLE_TESTABILITY = YES;
				ENABLE_USER_SCRIPT_SANDBOXING = YES;
				GCC_C_LANGUAGE_STANDARD = gnu17;
				GCC_DYNAMIC_NO_PIC = NO;
				GCC_NO_COMMON_BLOCKS = YES;
				GCC_OPTIMIZATION_LEVEL = 0;
				GCC_PREPROCESSOR_DEFINITIONS = (
					"DEBUG=1",
					"$(inherited)",
				);
				GCC_WARN_64_TO_32_BIT_CONVERSION = YES;
				GCC_WARN_ABOUT_RETURN_TYPE = YES_ERROR;
				GCC_WARN_UNDECLARED_SELECTOR = YES;
				GCC_WARN_UNINITIALIZED_AUTOS = YES_AGGRESSIVE;
				GCC_WARN_UNUSED_FUNCTION = YES;
				GCC_WARN_UNUSED_VARIABLE = YES;
				IPHONEOS_DEPLOYMENT_TARGET = 17.2;
				LOCALIZATION_PREFERS_STRING_CATALOGS = YES;
				MTL_ENABLE_DEBUG_INFO = INCLUDE_SOURCE;
				MTL_FAST_MATH = YES;
				ONLY_ACTIVE_ARCH = YES;
				SDKROOT = iphoneos;
				SWIFT_ACTIVE_COMPILATION_CONDITIONS = "DEBUG $(inherited)";
				SWIFT_OPTIMIZATION_LEVEL = "-Onone";
			};
			name = Debug;
		};
		9384AB0F2BA8125A00C8B8EA /* Release */ = {
			isa = XCBuildConfiguration;
			buildSettings = {
				ALWAYS_SEARCH_USER_PATHS = NO;
				ASSETCATALOG_COMPILER_GENERATE_SWIFT_ASSET_SYMBOL_EXTENSIONS = YES;
				CLANG_ANALYZER_NONNULL = YES;
				CLANG_ANALYZER_NUMBER_OBJECT_CONVERSION = YES_AGGRESSIVE;
				CLANG_CXX_LANGUAGE_STANDARD = "gnu++20";
				CLANG_ENABLE_MODULES = YES;
				CLANG_ENABLE_OBJC_ARC = YES;
				CLANG_ENABLE_OBJC_WEAK = YES;
				CLANG_WARN_BLOCK_CAPTURE_AUTORELEASING = YES;
				CLANG_WARN_BOOL_CONVERSION = YES;
				CLANG_WARN_COMMA = YES;
				CLANG_WARN_CONSTANT_CONVERSION = YES;
				CLANG_WARN_DEPRECATED_OBJC_IMPLEMENTATIONS = YES;
				CLANG_WARN_DIRECT_OBJC_ISA_USAGE = YES_ERROR;
				CLANG_WARN_DOCUMENTATION_COMMENTS = YES;
				CLANG_WARN_EMPTY_BODY = YES;
				CLANG_WARN_ENUM_CONVERSION = YES;
				CLANG_WARN_INFINITE_RECURSION = YES;
				CLANG_WARN_INT_CONVERSION = YES;
				CLANG_WARN_NON_LITERAL_NULL_CONVERSION = YES;
				CLANG_WARN_OBJC_IMPLICIT_RETAIN_SELF = YES;
				CLANG_WARN_OBJC_LITERAL_CONVERSION = YES;
				CLANG_WARN_OBJC_ROOT_CLASS = YES_ERROR;
				CLANG_WARN_QUOTED_INCLUDE_IN_FRAMEWORK_HEADER = YES;
				CLANG_WARN_RANGE_LOOP_ANALYSIS = YES;
				CLANG_WARN_STRICT_PROTOTYPES = YES;
				CLANG_WARN_SUSPICIOUS_MOVE = YES;
				CLANG_WARN_UNGUARDED_AVAILABILITY = YES_AGGRESSIVE;
				CLANG_WARN_UNREACHABLE_CODE = YES;
				CLANG_WARN__DUPLICATE_METHOD_MATCH = YES;
				COPY_PHASE_STRIP = NO;
				DEBUG_INFORMATION_FORMAT = "dwarf-with-dsym";
				ENABLE_NS_ASSERTIONS = NO;
				ENABLE_STRICT_OBJC_MSGSEND = YES;
				ENABLE_USER_SCRIPT_SANDBOXING = YES;
				GCC_C_LANGUAGE_STANDARD = gnu17;
				GCC_NO_COMMON_BLOCKS = YES;
				GCC_WARN_64_TO_32_BIT_CONVERSION = YES;
				GCC_WARN_ABOUT_RETURN_TYPE = YES_ERROR;
				GCC_WARN_UNDECLARED_SELECTOR = YES;
				GCC_WARN_UNINITIALIZED_AUTOS = YES_AGGRESSIVE;
				GCC_WARN_UNUSED_FUNCTION = YES;
				GCC_WARN_UNUSED_VARIABLE = YES;
				IPHONEOS_DEPLOYMENT_TARGET = 17.2;
				LOCALIZATION_PREFERS_STRING_CATALOGS = YES;
				MTL_ENABLE_DEBUG_INFO = NO;
				MTL_FAST_MATH = YES;
				SDKROOT = iphoneos;
				SWIFT_COMPILATION_MODE = wholemodule;
				VALIDATE_PRODUCT = YES;
			};
			name = Release;
		};
		9384AB112BA8125A00C8B8EA /* Debug */ = {
			isa = XCBuildConfiguration;
			buildSettings = {
				ALWAYS_EMBED_SWIFT_STANDARD_LIBRARIES = YES;
				ASSETCATALOG_COMPILER_APPICON_NAME = AppIcon;
				ASSETCATALOG_COMPILER_GLOBAL_ACCENT_COLOR_NAME = AccentColor;
				CODE_SIGN_STYLE = Automatic;
				CURRENT_PROJECT_VERSION = 1;
				DEVELOPMENT_TEAM = NHDBVA4HXP;
				DEV_API = "https://devapi.com";
				GENERATE_INFOPLIST_FILE = YES;
				INFOPLIST_FILE = MFlashChat/Info.plist;
				INFOPLIST_KEY_UIApplicationSupportsIndirectInputEvents = YES;
				INFOPLIST_KEY_UILaunchStoryboardName = LaunchScreen;
				INFOPLIST_KEY_UIMainStoryboardFile = Main;
				INFOPLIST_KEY_UISupportedInterfaceOrientations_iPad = "UIInterfaceOrientationPortrait UIInterfaceOrientationPortraitUpsideDown UIInterfaceOrientationLandscapeLeft UIInterfaceOrientationLandscapeRight";
				INFOPLIST_KEY_UISupportedInterfaceOrientations_iPhone = "UIInterfaceOrientationPortrait UIInterfaceOrientationLandscapeLeft UIInterfaceOrientationLandscapeRight";
				LD_RUNPATH_SEARCH_PATHS = (
					"$(inherited)",
					"@executable_path/Frameworks",
				);
				MARKETING_VERSION = 1.0;
				PRODUCT_BUNDLE_IDENTIFIER = com.profk.MFlashChat;
				PRODUCT_NAME = "$(TARGET_NAME)";
				PROD_API = "https://productionapi.com";
				STAG_API = "https://stagapi.com";
				SWIFT_EMIT_LOC_STRINGS = YES;
				SWIFT_VERSION = 5.0;
				TARGETED_DEVICE_FAMILY = "1,2";
			};
			name = Debug;
		};
		9384AB122BA8125A00C8B8EA /* Release */ = {
			isa = XCBuildConfiguration;
			buildSettings = {
				ALWAYS_EMBED_SWIFT_STANDARD_LIBRARIES = YES;
				ASSETCATALOG_COMPILER_APPICON_NAME = AppIcon;
				ASSETCATALOG_COMPILER_GLOBAL_ACCENT_COLOR_NAME = AccentColor;
				CODE_SIGN_STYLE = Automatic;
				CURRENT_PROJECT_VERSION = 1;
				DEVELOPMENT_TEAM = NHDBVA4HXP;
				DEV_API = "https://devapi.com";
				GENERATE_INFOPLIST_FILE = YES;
				INFOPLIST_FILE = MFlashChat/Info.plist;
				INFOPLIST_KEY_UIApplicationSupportsIndirectInputEvents = YES;
				INFOPLIST_KEY_UILaunchStoryboardName = LaunchScreen;
				INFOPLIST_KEY_UIMainStoryboardFile = Main;
				INFOPLIST_KEY_UISupportedInterfaceOrientations_iPad = "UIInterfaceOrientationPortrait UIInterfaceOrientationPortraitUpsideDown UIInterfaceOrientationLandscapeLeft UIInterfaceOrientationLandscapeRight";
				INFOPLIST_KEY_UISupportedInterfaceOrientations_iPhone = "UIInterfaceOrientationPortrait UIInterfaceOrientationLandscapeLeft UIInterfaceOrientationLandscapeRight";
				LD_RUNPATH_SEARCH_PATHS = (
					"$(inherited)",
					"@executable_path/Frameworks",
				);
				MARKETING_VERSION = 1.0;
				PRODUCT_BUNDLE_IDENTIFIER = com.profk.MFlashChat;
				PRODUCT_NAME = "$(TARGET_NAME)";
				PROD_API = "https://productionapi.com";
				STAG_API = "https://stagapi.com";
				SWIFT_EMIT_LOC_STRINGS = YES;
				SWIFT_VERSION = 5.0;
				TARGETED_DEVICE_FAMILY = "1,2";
			};
			name = Release;
		};
		93C398ED2BAAE18E00B64F90 /* Debug */ = {
			isa = XCBuildConfiguration;
			buildSettings = {
				CODE_SIGN_STYLE = Automatic;
				CURRENT_PROJECT_VERSION = 1;
				DEFINES_MODULE = YES;
				DEVELOPMENT_TEAM = NHDBVA4HXP;
				DYLIB_COMPATIBILITY_VERSION = 1;
				DYLIB_CURRENT_VERSION = 1;
				DYLIB_INSTALL_NAME_BASE = "@rpath";
				ENABLE_MODULE_VERIFIER = YES;
				GENERATE_INFOPLIST_FILE = YES;
				INFOPLIST_KEY_NSHumanReadableCopyright = "";
				INSTALL_PATH = "$(LOCAL_LIBRARY_DIR)/Frameworks";
				LD_RUNPATH_SEARCH_PATHS = (
					"$(inherited)",
					"@executable_path/Frameworks",
					"@loader_path/Frameworks",
				);
				MARKETING_VERSION = 1.0;
				MODULE_VERIFIER_SUPPORTED_LANGUAGES = "objective-c objective-c++";
				MODULE_VERIFIER_SUPPORTED_LANGUAGE_STANDARDS = "gnu17 gnu++20";
				PRODUCT_BUNDLE_IDENTIFIER = com.profk.NetworkManager;
				PRODUCT_NAME = "$(TARGET_NAME:c99extidentifier)";
				SKIP_INSTALL = YES;
				SWIFT_EMIT_LOC_STRINGS = YES;
				SWIFT_VERSION = 5.0;
				TARGETED_DEVICE_FAMILY = "1,2";
				VERSIONING_SYSTEM = "apple-generic";
				VERSION_INFO_PREFIX = "";
			};
			name = Debug;
		};
		93C398EE2BAAE18E00B64F90 /* Release */ = {
			isa = XCBuildConfiguration;
			buildSettings = {
				CODE_SIGN_STYLE = Automatic;
				CURRENT_PROJECT_VERSION = 1;
				DEFINES_MODULE = YES;
				DEVELOPMENT_TEAM = NHDBVA4HXP;
				DYLIB_COMPATIBILITY_VERSION = 1;
				DYLIB_CURRENT_VERSION = 1;
				DYLIB_INSTALL_NAME_BASE = "@rpath";
				ENABLE_MODULE_VERIFIER = YES;
				GENERATE_INFOPLIST_FILE = YES;
				INFOPLIST_KEY_NSHumanReadableCopyright = "";
				INSTALL_PATH = "$(LOCAL_LIBRARY_DIR)/Frameworks";
				LD_RUNPATH_SEARCH_PATHS = (
					"$(inherited)",
					"@executable_path/Frameworks",
					"@loader_path/Frameworks",
				);
				MARKETING_VERSION = 1.0;
				MODULE_VERIFIER_SUPPORTED_LANGUAGES = "objective-c objective-c++";
				MODULE_VERIFIER_SUPPORTED_LANGUAGE_STANDARDS = "gnu17 gnu++20";
				PRODUCT_BUNDLE_IDENTIFIER = com.profk.NetworkManager;
				PRODUCT_NAME = "$(TARGET_NAME:c99extidentifier)";
				SKIP_INSTALL = YES;
				SWIFT_EMIT_LOC_STRINGS = YES;
				SWIFT_VERSION = 5.0;
				TARGETED_DEVICE_FAMILY = "1,2";
				VERSIONING_SYSTEM = "apple-generic";
				VERSION_INFO_PREFIX = "";
			};
			name = Release;
		};
		93C398EF2BAAE18E00B64F90 /* Debug */ = {
			isa = XCBuildConfiguration;
			buildSettings = {
				ALWAYS_EMBED_SWIFT_STANDARD_LIBRARIES = YES;
				CODE_SIGN_STYLE = Automatic;
				CURRENT_PROJECT_VERSION = 1;
				DEVELOPMENT_TEAM = NHDBVA4HXP;
				GENERATE_INFOPLIST_FILE = YES;
				MARKETING_VERSION = 1.0;
				PRODUCT_BUNDLE_IDENTIFIER = com.profk.NetworkManagerTests;
				PRODUCT_NAME = "$(TARGET_NAME)";
				SWIFT_EMIT_LOC_STRINGS = NO;
				SWIFT_VERSION = 5.0;
				TARGETED_DEVICE_FAMILY = "1,2";
				TEST_HOST = "$(BUILT_PRODUCTS_DIR)/MFlashChat.app/$(BUNDLE_EXECUTABLE_FOLDER_PATH)/MFlashChat";
			};
			name = Debug;
		};
		93C398F02BAAE18E00B64F90 /* Release */ = {
			isa = XCBuildConfiguration;
			buildSettings = {
				ALWAYS_EMBED_SWIFT_STANDARD_LIBRARIES = YES;
				CODE_SIGN_STYLE = Automatic;
				CURRENT_PROJECT_VERSION = 1;
				DEVELOPMENT_TEAM = NHDBVA4HXP;
				GENERATE_INFOPLIST_FILE = YES;
				MARKETING_VERSION = 1.0;
				PRODUCT_BUNDLE_IDENTIFIER = com.profk.NetworkManagerTests;
				PRODUCT_NAME = "$(TARGET_NAME)";
				SWIFT_EMIT_LOC_STRINGS = NO;
				SWIFT_VERSION = 5.0;
				TARGETED_DEVICE_FAMILY = "1,2";
				TEST_HOST = "$(BUILT_PRODUCTS_DIR)/MFlashChat.app/$(BUNDLE_EXECUTABLE_FOLDER_PATH)/MFlashChat";
			};
			name = Release;
		};
/* End XCBuildConfiguration section */

/* Begin XCConfigurationList section */
		9384AAF72BA8125800C8B8EA /* Build configuration list for PBXProject "MFlashChat" */ = {
			isa = XCConfigurationList;
			buildConfigurations = (
				9384AB0E2BA8125A00C8B8EA /* Debug */,
				9384AB0F2BA8125A00C8B8EA /* Release */,
			);
			defaultConfigurationIsVisible = 0;
			defaultConfigurationName = Release;
		};
		9384AB102BA8125A00C8B8EA /* Build configuration list for PBXNativeTarget "MFlashChat" */ = {
			isa = XCConfigurationList;
			buildConfigurations = (
				9384AB112BA8125A00C8B8EA /* Debug */,
				9384AB122BA8125A00C8B8EA /* Release */,
			);
			defaultConfigurationIsVisible = 0;
			defaultConfigurationName = Release;
		};
		93C398F12BAAE18E00B64F90 /* Build configuration list for PBXNativeTarget "NetworkManager" */ = {
			isa = XCConfigurationList;
			buildConfigurations = (
				93C398ED2BAAE18E00B64F90 /* Debug */,
				93C398EE2BAAE18E00B64F90 /* Release */,
			);
			defaultConfigurationIsVisible = 0;
			defaultConfigurationName = Release;
		};
		93C398F22BAAE18E00B64F90 /* Build configuration list for PBXNativeTarget "NetworkManagerTests" */ = {
			isa = XCConfigurationList;
			buildConfigurations = (
				93C398EF2BAAE18E00B64F90 /* Debug */,
				93C398F02BAAE18E00B64F90 /* Release */,
			);
			defaultConfigurationIsVisible = 0;
			defaultConfigurationName = Release;
		};
/* End XCConfigurationList section */
	};
	rootObject = 9384AAF42BA8125800C8B8EA /* Project object */;
}
